// !$*UTF8*$!
{
	archiveVersion = 1;
	classes = {
	};
	objectVersion = 50;
	objects = {

/* Begin PBXBuildFile section */
		C2AAAD842379C179007B8802 /* AppDelegate.swift in Sources */ = {isa = PBXBuildFile; fileRef = C2AAAD832379C179007B8802 /* AppDelegate.swift */; };
		C2AAAD862379C179007B8802 /* SceneDelegate.swift in Sources */ = {isa = PBXBuildFile; fileRef = C2AAAD852379C179007B8802 /* SceneDelegate.swift */; };
		C2AAAD882379C179007B8802 /* ViewController.swift in Sources */ = {isa = PBXBuildFile; fileRef = C2AAAD872379C179007B8802 /* ViewController.swift */; };
		C2AAAD8B2379C179007B8802 /* Main.storyboard in Resources */ = {isa = PBXBuildFile; fileRef = C2AAAD892379C179007B8802 /* Main.storyboard */; };
		C2AAAD8D2379C183007B8802 /* Assets.xcassets in Resources */ = {isa = PBXBuildFile; fileRef = C2AAAD8C2379C183007B8802 /* Assets.xcassets */; };
		C2AAAD902379C183007B8802 /* LaunchScreen.storyboard in Resources */ = {isa = PBXBuildFile; fileRef = C2AAAD8E2379C183007B8802 /* LaunchScreen.storyboard */; };
/* End PBXBuildFile section */

/* Begin PBXFileReference section */
		C2AAAD802379C178007B8802 /* 3 letter word.app */ = {isa = PBXFileReference; explicitFileType = wrapper.application; includeInIndex = 0; path = "3 letter word.app"; sourceTree = BUILT_PRODUCTS_DIR; };
		C2AAAD832379C179007B8802 /* AppDelegate.swift */ = {isa = PBXFileReference; lastKnownFileType = sourcecode.swift; path = AppDelegate.swift; sourceTree = "<group>"; };
		C2AAAD852379C179007B8802 /* SceneDelegate.swift */ = {isa = PBXFileReference; lastKnownFileType = sourcecode.swift; path = SceneDelegate.swift; sourceTree = "<group>"; };
		C2AAAD872379C179007B8802 /* ViewController.swift */ = {isa = PBXFileReference; lastKnownFileType = sourcecode.swift; path = ViewController.swift; sourceTree = "<group>"; };
		C2AAAD8A2379C179007B8802 /* Base */ = {isa = PBXFileReference; lastKnownFileType = file.storyboard; name = Base; path = Base.lproj/Main.storyboard; sourceTree = "<group>"; };
		C2AAAD8C2379C183007B8802 /* Assets.xcassets */ = {isa = PBXFileReference; lastKnownFileType = folder.assetcatalog; path = Assets.xcassets; sourceTree = "<group>"; };
		C2AAAD8F2379C183007B8802 /* Base */ = {isa = PBXFileReference; lastKnownFileType = file.storyboard; name = Base; path = Base.lproj/LaunchScreen.storyboard; sourceTree = "<group>"; };
		C2AAAD912379C183007B8802 /* Info.plist */ = {isa = PBXFileReference; lastKnownFileType = text.plist.xml; path = Info.plist; sourceTree = "<group>"; };
/* End PBXFileReference section */

/* Begin PBXFrameworksBuildPhase section */
		C2AAAD7D2379C178007B8802 /* Frameworks */ = {
			isa = PBXFrameworksBuildPhase;
			buildActionMask = 2147483647;
			files = (
			);
			runOnlyForDeploymentPostprocessing = 0;
		};
/* End PBXFrameworksBuildPhase section */

/* Begin PBXGroup section */
		C2AAAD772379C178007B8802 = {
			isa = PBXGroup;
			children = (
				C2AAAD822379C178007B8802 /* 3 letter word */,
				C2AAAD812379C178007B8802 /* Products */,
			);
			sourceTree = "<group>";
		};
		C2AAAD812379C178007B8802 /* Products */ = {
			isa = PBXGroup;
			children = (
				C2AAAD802379C178007B8802 /* 3 letter word.app */,
			);
			name = Products;
			sourceTree = "<group>";
		};
		C2AAAD822379C178007B8802 /* 3 letter word */ = {
			isa = PBXGroup;
			children = (
				C2AAAD832379C179007B8802 /* AppDelegate.swift */,
				C2AAAD852379C179007B8802 /* SceneDelegate.swift */,
				C2AAAD872379C179007B8802 /* ViewController.swift */,
				C2AAAD892379C179007B8802 /* Main.storyboard */,
				C2AAAD8C2379C183007B8802 /* Assets.xcassets */,
				C2AAAD8E2379C183007B8802 /* LaunchScreen.storyboard */,
				C2AAAD912379C183007B8802 /* Info.plist */,
			);
			path = "3 letter word";
			sourceTree = "<group>";
		};
/* End PBXGroup section */

/* Begin PBXNativeTarget section */
		C2AAAD7F2379C178007B8802 /* 3 letter word */ = {
			isa = PBXNativeTarget;
			buildConfigurationList = C2AAAD942379C183007B8802 /* Build configuration list for PBXNativeTarget "3 letter word" */;
			buildPhases = (
				C2AAAD7C2379C178007B8802 /* Sources */,
				C2AAAD7D2379C178007B8802 /* Frameworks */,
				C2AAAD7E2379C178007B8802 /* Resources */,
			);
			buildRules = (
			);
			dependencies = (
			);
			name = "3 letter word";
			productName = "3 letter word";
			productReference = C2AAAD802379C178007B8802 /* 3 letter word.app */;
			productType = "com.apple.product-type.application";
		};
/* End PBXNativeTarget section */

/* Begin PBXProject section */
		C2AAAD782379C178007B8802 /* Project object */ = {
			isa = PBXProject;
			attributes = {
				LastSwiftUpdateCheck = 1120;
				LastUpgradeCheck = 1120;
				ORGANIZATIONNAME = "Connor Keenan";
				TargetAttributes = {
					C2AAAD7F2379C178007B8802 = {
						CreatedOnToolsVersion = 11.2;
					};
				};
			};
			buildConfigurationList = C2AAAD7B2379C178007B8802 /* Build configuration list for PBXProject "3 letter word" */;
			compatibilityVersion = "Xcode 9.3";
			developmentRegion = en;
			hasScannedForEncodings = 0;
			knownRegions = (
				en,
				Base,
			);
			mainGroup = C2AAAD772379C178007B8802;
			productRefGroup = C2AAAD812379C178007B8802 /* Products */;
			projectDirPath = "";
			projectRoot = "";
			targets = (
				C2AAAD7F2379C178007B8802 /* 3 letter word */,
			);
		};
/* End PBXProject section */

/* Begin PBXResourcesBuildPhase section */
		C2AAAD7E2379C178007B8802 /* Resources */ = {
			isa = PBXResourcesBuildPhase;
			buildActionMask = 2147483647;
			files = (
				C2AAAD902379C183007B8802 /* LaunchScreen.storyboard in Resources */,
				C2AAAD8D2379C183007B8802 /* Assets.xcassets in Resources */,
				C2AAAD8B2379C179007B8802 /* Main.storyboard in Resources */,
			);
			runOnlyForDeploymentPostprocessing = 0;
		};
/* End PBXResourcesBuildPhase section */

/* Begin PBXSourcesBuildPhase section */
		C2AAAD7C2379C178007B8802 /* Sources */ = {
			isa = PBXSourcesBuildPhase;
			buildActionMask = 2147483647;
			files = (
				C2AAAD882379C179007B8802 /* ViewController.swift in Sources */,
				C2AAAD842379C179007B8802 /* AppDelegate.swift in Sources */,
				C2AAAD862379C179007B8802 /* SceneDelegate.swift in Sources */,
			);
			runOnlyForDeploymentPostprocessing = 0;
		};
/* End PBXSourcesBuildPhase section */

/* Begin PBXVariantGroup section */
		C2AAAD892379C179007B8802 /* Main.storyboard */ = {
			isa = PBXVariantGroup;
			children = (
				C2AAAD8A2379C179007B8802 /* Base */,
			);
			name = Main.storyboard;
			sourceTree = "<group>";
		};
		C2AAAD8E2379C183007B8802 /* LaunchScreen.storyboard */ = {
			isa = PBXVariantGroup;
			children = (
				C2AAAD8F2379C183007B8802 /* Base */,
			);
			name = LaunchScreen.storyboard;
			sourceTree = "<group>";
		};
/* End PBXVariantGroup section */

/* Begin XCBuildConfiguration section */
		C2AAAD922379C183007B8802 /* Debug */ = {
			isa = XCBuildConfiguration;
			buildSettings = {
				ALWAYS_SEARCH_USER_PATHS = NO;
				CLANG_ANALYZER_NONNULL = YES;
				CLANG_ANALYZER_NUMBER_OBJECT_CONVERSION = YES_AGGRESSIVE;
				CLANG_CXX_LANGUAGE_STANDARD = "gnu++14";
				CLANG_CXX_LIBRARY = "libc++";
				CLANG_ENABLE_MODULES = YES;
				CLANG_ENABLE_OBJC_ARC = YES;
				CLANG_ENABLE_OBJC_WEAK = YES;
				CLANG_WARN_BLOCK_CAPTURE_AUTORELEASING = YES;
				CLANG_WARN_BOOL_CONVERSION = YES;
				CLANG_WARN_COMMA = YES;
				CLANG_WARN_CONSTANT_CONVERSION = YES;
				CLANG_WARN_DEPRECATED_OBJC_IMPLEMENTATIONS = YES;
				CLANG_WARN_DIRECT_OBJC_ISA_USAGE = YES_ERROR;
				CLANG_WARN_DOCUMENTATION_COMMENTS = YES;
				CLANG_WARN_EMPTY_BODY = YES;
				CLANG_WARN_ENUM_CONVERSION = YES;
				CLANG_WARN_INFINITE_RECURSION = YES;
				CLANG_WARN_INT_CONVERSION = YES;
				CLANG_WARN_NON_LITERAL_NULL_CONVERSION = YES;
				CLANG_WARN_OBJC_IMPLICIT_RETAIN_SELF = YES;
				CLANG_WARN_OBJC_LITERAL_CONVERSION = YES;
				CLANG_WARN_OBJC_ROOT_CLASS = YES_ERROR;
				CLANG_WARN_RANGE_LOOP_ANALYSIS = YES;
				CLANG_WARN_STRICT_PROTOTYPES = YES;
				CLANG_WARN_SUSPICIOUS_MOVE = YES;
				CLANG_WARN_UNGUARDED_AVAILABILITY = YES_AGGRESSIVE;
				CLANG_WARN_UNREACHABLE_CODE = YES;
				CLANG_WARN__DUPLICATE_METHOD_MATCH = YES;
				COPY_PHASE_STRIP = NO;
				DEBUG_INFORMATION_FORMAT = dwarf;
				ENABLE_STRICT_OBJC_MSGSEND = YES;
				ENABLE_TESTABILITY = YES;
				GCC_C_LANGUAGE_STANDARD = gnu11;
				GCC_DYNAMIC_NO_PIC = NO;
				GCC_NO_COMMON_BLOCKS = YES;
				GCC_OPTIMIZATION_LEVEL = 0;
				GCC_PREPROCESSOR_DEFINITIONS = (
					"DEBUG=1",
					"$(inherited)",
				);
				GCC_WARN_64_TO_32_BIT_CONVERSION = YES;
				GCC_WARN_ABOUT_RETURN_TYPE = YES_ERROR;
				GCC_WARN_UNDECLARED_SELECTOR = YES;
				GCC_WARN_UNINITIALIZED_AUTOS = YES_AGGRESSIVE;
				GCC_WARN_UNUSED_FUNCTION = YES;
				GCC_WARN_UNUSED_VARIABLE = YES;
				IPHONEOS_DEPLOYMENT_TARGET = 13.2;
				MTL_ENABLE_DEBUG_INFO = INCLUDE_SOURCE;
				MTL_FAST_MATH = YES;
				ONLY_ACTIVE_ARCH = YES;
				SDKROOT = iphoneos;
				SWIFT_ACTIVE_COMPILATION_CONDITIONS = DEBUG;
				SWIFT_OPTIMIZATION_LEVEL = "-Onone";
			};
			name = Debug;
		};
		C2AAAD932379C183007B8802 /* Release */ = {
			isa = XCBuildConfiguration;
			buildSettings = {
				ALWAYS_SEARCH_USER_PATHS = NO;
				CLANG_ANALYZER_NONNULL = YES;
				CLANG_ANALYZER_NUMBER_OBJECT_CONVERSION = YES_AGGRESSIVE;
				CLANG_CXX_LANGUAGE_STANDARD = "gnu++14";
				CLANG_CXX_LIBRARY = "libc++";
				CLANG_ENABLE_MODULES = YES;
				CLANG_ENABLE_OBJC_ARC = YES;
				CLANG_ENABLE_OBJC_WEAK = YES;
				CLANG_WARN_BLOCK_CAPTURE_AUTORELEASING = YES;
				CLANG_WARN_BOOL_CONVERSION = YES;
				CLANG_WARN_COMMA = YES;
				CLANG_WARN_CONSTANT_CONVERSION = YES;
				CLANG_WARN_DEPRECATED_OBJC_IMPLEMENTATIONS = YES;
				CLANG_WARN_DIRECT_OBJC_ISA_USAGE = YES_ERROR;
				CLANG_WARN_DOCUMENTATION_COMMENTS = YES;
				CLANG_WARN_EMPTY_BODY = YES;
				CLANG_WARN_ENUM_CONVERSION = YES;
				CLANG_WARN_INFINITE_RECURSION = YES;
				CLANG_WARN_INT_CONVERSION = YES;
				CLANG_WARN_NON_LITERAL_NULL_CONVERSION = YES;
				CLANG_WARN_OBJC_IMPLICIT_RETAIN_SELF = YES;
				CLANG_WARN_OBJC_LITERAL_CONVERSION = YES;
				CLANG_WARN_OBJC_ROOT_CLASS = YES_ERROR;
				CLANG_WARN_RANGE_LOOP_ANALYSIS = YES;
				CLANG_WARN_STRICT_PROTOTYPES = YES;
				CLANG_WARN_SUSPICIOUS_MOVE = YES;
				CLANG_WARN_UNGUARDED_AVAILABILITY = YES_AGGRESSIVE;
				CLANG_WARN_UNREACHABLE_CODE = YES;
				CLANG_WARN__DUPLICATE_METHOD_MATCH = YES;
				COPY_PHASE_STRIP = NO;
				DEBUG_INFORMATION_FORMAT = "dwarf-with-dsym";
				ENABLE_NS_ASSERTIONS = NO;
				ENABLE_STRICT_OBJC_MSGSEND = YES;
				GCC_C_LANGUAGE_STANDARD = gnu11;
				GCC_NO_COMMON_BLOCKS = YES;
				GCC_WARN_64_TO_32_BIT_CONVERSION = YES;
				GCC_WARN_ABOUT_RETURN_TYPE = YES_ERROR;
				GCC_WARN_UNDECLARED_SELECTOR = YES;
				GCC_WARN_UNINITIALIZED_AUTOS = YES_AGGRESSIVE;
				GCC_WARN_UNUSED_FUNCTION = YES;
				GCC_WARN_UNUSED_VARIABLE = YES;
				IPHONEOS_DEPLOYMENT_TARGET = 13.2;
				MTL_ENABLE_DEBUG_INFO = NO;
				MTL_FAST_MATH = YES;
				SDKROOT = iphoneos;
				SWIFT_COMPILATION_MODE = wholemodule;
				SWIFT_OPTIMIZATION_LEVEL = "-O";
				VALIDATE_PRODUCT = YES;
			};
			name = Release;
		};
		C2AAAD952379C183007B8802 /* Debug */ = {
			isa = XCBuildConfiguration;
			buildSettings = {
				ASSETCATALOG_COMPILER_APPICON_NAME = AppIcon;
				CODE_SIGN_STYLE = Automatic;
				DEVELOPMENT_TEAM = 8G896V7YVA;
				INFOPLIST_FILE = "3 letter word/Info.plist";
				LD_RUNPATH_SEARCH_PATHS = (
					"$(inherited)",
					"@executable_path/Frameworks",
				);
				PRODUCT_BUNDLE_IDENTIFIER = "ck.--letter-word";
				PRODUCT_NAME = "$(TARGET_NAME)";
				SWIFT_VERSION = 5.0;
				TARGETED_DEVICE_FAMILY = "1,2";
			};
			name = Debug;
		};
		C2AAAD962379C183007B8802 /* Release */ = {
			isa = XCBuildConfiguration;
			buildSettings = {
				ASSETCATALOG_COMPILER_APPICON_NAME = AppIcon;
				CODE_SIGN_STYLE = Automatic;
				DEVELOPMENT_TEAM = 8G896V7YVA;
				INFOPLIST_FILE = "3 letter word/Info.plist";
				LD_RUNPATH_SEARCH_PATHS = (
					"$(inherited)",
					"@executable_path/Frameworks",
				);
				PRODUCT_BUNDLE_IDENTIFIER = "ck.--letter-word";
				PRODUCT_NAME = "$(TARGET_NAME)";
				SWIFT_VERSION = 5.0;
				TARGETED_DEVICE_FAMILY = "1,2";
			};
			name = Release;
		};
/* End XCBuildConfiguration section */

/* Begin XCConfigurationList section */
		C2AAAD7B2379C178007B8802 /* Build configuration list for PBXProject "3 letter word" */ = {
			isa = XCConfigurationList;
			buildConfigurations = (
				C2AAAD922379C183007B8802 /* Debug */,
				C2AAAD932379C183007B8802 /* Release */,
			);
			defaultConfigurationIsVisible = 0;
			defaultConfigurationName = Release;
		};
		C2AAAD942379C183007B8802 /* Build configuration list for PBXNativeTarget "3 letter word" */ = {
			isa = XCConfigurationList;
			buildConfigurations = (
				C2AAAD952379C183007B8802 /* Debug */,
				C2AAAD962379C183007B8802 /* Release */,
			);
			defaultConfigurationIsVisible = 0;
			defaultConfigurationName = Release;
		};
/* End XCConfigurationList section */
	};
	rootObject = C2AAAD782379C178007B8802 /* Project object */;
}
